dependencies:
- name: keycloak-operator
  repository: https://epam.github.io/edp-helm-charts/stable
  version: 1.11.0
- name: codebase-operator
  repository: https://epam.github.io/edp-helm-charts/stable
  version: 2.12.0
- name: jenkins-operator
  repository: https://epam.github.io/edp-helm-charts/stable
  version: 2.11.1
- name: edp-component-operator
  repository: https://epam.github.io/edp-helm-charts/stable
  version: 0.11.0
- name: cd-pipeline-operator
  repository: https://epam.github.io/edp-helm-charts/stable
  version: 2.11.0
- name: nexus-operator
  repository: https://epam.github.io/edp-helm-charts/stable
  version: 2.11.0
- name: sonar-operator
  repository: https://epam.github.io/edp-helm-charts/stable
  version: 2.11.0
- name: admin-console-operator
  repository: https://epam.github.io/edp-helm-charts/stable
  version: 2.11.0
- name: gerrit-operator
  repository: https://epam.github.io/edp-helm-charts/stable
  version: 2.11.0
- name: reconciler
  repository: https://epam.github.io/edp-helm-charts/stable
  version: 2.11.0
- name: perf-operator
  repository: https://epam.github.io/edp-helm-charts/stable
  version: 2.11.0
digest: sha256:c593540c085581b3728c22422adf4af3f9cf5358b8193686842a429bd3905050
generated: "2022-07-01T12:45:27.616863+03:00"
