dependencies:
- name: keycloak-operator
  repository: https://chartmuseum.demo.edp-epam.com
  version: 1.10.0
- name: codebase-operator
  repository: https://chartmuseum.demo.edp-epam.com
  version: 2.10.0
- name: jenkins-operator
  repository: https://chartmuseum.demo.edp-epam.com
  version: 2.10.0
- name: edp-component-operator
  repository: https://chartmuseum.demo.edp-epam.com
  version: 0.10.0
- name: cd-pipeline-operator
  repository: https://chartmuseum.demo.edp-epam.com
  version: 2.10.0
- name: nexus-operator
  repository: https://chartmuseum.demo.edp-epam.com
  version: 2.10.0
- name: sonar-operator
  repository: https://chartmuseum.demo.edp-epam.com
  version: 2.10.2
- name: admin-console-operator
  repository: https://chartmuseum.demo.edp-epam.com
  version: 2.10.0
- name: gerrit-operator
  repository: https://chartmuseum.demo.edp-epam.com
  version: 2.10.0
- name: reconciler
  repository: https://chartmuseum.demo.edp-epam.com
  version: 2.10.0
- name: perf-operator
  repository: https://chartmuseum.demo.edp-epam.com
  version: 2.10.0
digest: sha256:0d625be255a157f35f377bbc34e68f3bc7197245c0b952dc3302039d99880863
generated: "2022-01-04T12:01:46.282575+02:00"
