dependencies:
- name: codebase-operator
  repository: https://epam.github.io/edp-helm-charts/stable
  version: 2.24.1
- name: edp-headlamp
  repository: https://epam.github.io/edp-helm-charts/stable
  version: 0.17.0
- name: edp-tekton
  repository: https://epam.github.io/edp-helm-charts/stable
  version: 0.13.0
- name: cd-pipeline-operator
  repository: https://epam.github.io/edp-helm-charts/stable
  version: 2.21.0
- name: gerrit-operator
  repository: https://epam.github.io/edp-helm-charts/stable
  version: 2.22.0
digest: sha256:77f9af66cc34b209d6768d8d50f3811c477fd820eb0c011a0b9267a5f4238052
generated: "2024-11-05T13:30:19.106495+02:00"
